
Microsoft Visual Studio Solution File, Format Version 12.00
# Visual Studio Version 16
VisualStudioVersion = 16.0.29926.136
MinimumVisualStudioVersion = 10.0.40219.1
Project("{FAE04EC0-301F-11D3-BF4B-00C04F79EFBC}") = "WebApplication1", "WebApplication1\WebApplication1.csproj", "{60DF277B-5DEC-4EC9-A266-E9FA4BC9AF99}"
EndProject
Global
	GlobalSection(SolutionConfigurationPlatforms) = preSolution
		Debug|Any CPU = Debug|Any CPU
		Release|Any CPU = Release|Any CPU
	EndGlobalSection
	GlobalSection(ProjectConfigurationPlatforms) = postSolution
		{60DF277B-5DEC-4EC9-A266-E9FA4BC9AF99}.Debug|Any CPU.ActiveCfg = Debug|Any CPU
		{60DF277B-5DEC-4EC9-A266-E9FA4BC9AF99}.Debug|Any CPU.Build.0 = Debug|Any CPU
		{60DF277B-5DEC-4EC9-A266-E9FA4BC9AF99}.Release|Any CPU.ActiveCfg = Release|Any CPU
		{60DF277B-5DEC-4EC9-A266-E9FA4BC9AF99}.Release|Any CPU.Build.0 = Release|Any CPU
	EndGlobalSection
	GlobalSection(SolutionProperties) = preSolution
		HideSolutionNode = FALSE
	EndGlobalSection
	GlobalSection(ExtensibilityGlobals) = postSolution
		SolutionGuid = {661D296F-727C-4EBA-824B-D7339DBC774C}
	EndGlobalSection
EndGlobal
